{
  "name": "@codeai-staff-apps/runtime",
  "version": "0.1.0",
  "lockfileVersion": 3,
  "requires": true,
  "packages": {
    "": {
      "name": "@codeai-staff-apps/runtime",
      "version": "0.1.0",
      "dependencies": {
        "@code-dot-org/component-library-styles": "0.0.0-alpha.1"
      }
    },
    "node_modules/@code-dot-org/component-library-styles": {
      "version": "0.0.0-alpha.1",
      "resolved": "https://registry.npmjs.org/@code-dot-org/component-library-styles/-/component-library-styles-0.0.0-alpha.1.tgz",
      "integrity": "sha512-/InHUQ2vDSwgtvAUyKTBQ+CtYfiul7TMC+NZmmC3oLSy37kt++4j6sqBls3zGLQzFuLua+HZuzzSiMjBTeXdmA==",
      "license": "SEE LICENSE IN LICENSE"
    }
  }
}
